
Microsoft Visual Studio Solution File, Format Version 12.00
# Visual Studio Version 16
VisualStudioVersion = 16.0.29806.167
MinimumVisualStudioVersion = 10.0.40219.1
Project("{FAE04EC0-301F-11D3-BF4B-00C04F79EFBC}") = "possibilityZC", "possibilityZC\possibilityZC.csproj", "{685E6AA6-21A5-4DD9-87F0-C5223430E882}"
EndProject
Project("{FAE04EC0-301F-11D3-BF4B-00C04F79EFBC}") = "possibilityZC.Android", "possibilityZC.Android\possibilityZC.Android.csproj", "{CE8BE97E-C337-4162-A2A1-F5B392A2723D}"
EndProject
Project("{FAE04EC0-301F-11D3-BF4B-00C04F79EFBC}") = "possibilityZC.iOS", "possibilityZC.iOS\possibilityZC.iOS.csproj", "{CB0A796B-22BF-4716-828D-EAD370A11121}"
EndProject
Project("{FAE04EC0-301F-11D3-BF4B-00C04F79EFBC}") = "possibilityZC.UWP", "possibilityZC.UWP\possibilityZC.UWP.csproj", "{75AA90AA-DDCB-4A9B-BDDC-3800C76CDBBE}"
EndProject
Global
	GlobalSection(SolutionConfigurationPlatforms) = preSolution
		Ad-Hoc|Any CPU = Ad-Hoc|Any CPU
		Ad-Hoc|ARM = Ad-Hoc|ARM
		Ad-Hoc|iPhone = Ad-Hoc|iPhone
		Ad-Hoc|iPhoneSimulator = Ad-Hoc|iPhoneSimulator
		Ad-Hoc|x64 = Ad-Hoc|x64
		Ad-Hoc|x86 = Ad-Hoc|x86
		AppStore|Any CPU = AppStore|Any CPU
		AppStore|ARM = AppStore|ARM
		AppStore|iPhone = AppStore|iPhone
		AppStore|iPhoneSimulator = AppStore|iPhoneSimulator
		AppStore|x64 = AppStore|x64
		AppStore|x86 = AppStore|x86
		Debug|Any CPU = Debug|Any CPU
		Debug|ARM = Debug|ARM
		Debug|iPhone = Debug|iPhone
		Debug|iPhoneSimulator = Debug|iPhoneSimulator
		Debug|x64 = Debug|x64
		Debug|x86 = Debug|x86
		Release|Any CPU = Release|Any CPU
		Release|ARM = Release|ARM
		Release|iPhone = Release|iPhone
		Release|iPhoneSimulator = Release|iPhoneSimulator
		Release|x64 = Release|x64
		Release|x86 = Release|x86
	EndGlobalSection
	GlobalSection(ProjectConfigurationPlatforms) = postSolution
		{685E6AA6-21A5-4DD9-87F0-C5223430E882}.Ad-Hoc|Any CPU.ActiveCfg = Debug|Any CPU
		{685E6AA6-21A5-4DD9-87F0-C5223430E882}.Ad-Hoc|Any CPU.Build.0 = Debug|Any CPU
		{685E6AA6-21A5-4DD9-87F0-C5223430E882}.Ad-Hoc|ARM.ActiveCfg = Debug|Any CPU
		{685E6AA6-21A5-4DD9-87F0-C5223430E882}.Ad-Hoc|ARM.Build.0 = Debug|Any CPU
		{685E6AA6-21A5-4DD9-87F0-C5223430E882}.Ad-Hoc|iPhone.ActiveCfg = Debug|Any CPU
		{685E6AA6-21A5-4DD9-87F0-C5223430E882}.Ad-Hoc|iPhone.Build.0 = Debug|Any CPU
		{685E6AA6-21A5-4DD9-87F0-C5223430E882}.Ad-Hoc|iPhoneSimulator.ActiveCfg = Debug|Any CPU
		{685E6AA6-21A5-4DD9-87F0-C5223430E882}.Ad-Hoc|iPhoneSimulator.Build.0 = Debug|Any CPU
		{685E6AA6-21A5-4DD9-87F0-C5223430E882}.Ad-Hoc|x64.ActiveCfg = Debug|Any CPU
		{685E6AA6-21A5-4DD9-87F0-C5223430E882}.Ad-Hoc|x64.Build.0 = Debug|Any CPU
		{685E6AA6-21A5-4DD9-87F0-C5223430E882}.Ad-Hoc|x86.ActiveCfg = Debug|Any CPU
		{685E6AA6-21A5-4DD9-87F0-C5223430E882}.Ad-Hoc|x86.Build.0 = Debug|Any CPU
		{685E6AA6-21A5-4DD9-87F0-C5223430E882}.AppStore|Any CPU.ActiveCfg = Debug|Any CPU
		{685E6AA6-21A5-4DD9-87F0-C5223430E882}.AppStore|Any CPU.Build.0 = Debug|Any CPU
		{685E6AA6-21A5-4DD9-87F0-C5223430E882}.AppStore|ARM.ActiveCfg = Debug|Any CPU
		{685E6AA6-21A5-4DD9-87F0-C5223430E882}.AppStore|ARM.Build.0 = Debug|Any CPU
		{685E6AA6-21A5-4DD9-87F0-C5223430E882}.AppStore|iPhone.ActiveCfg = Debug|Any CPU
		{685E6AA6-21A5-4DD9-87F0-C5223430E882}.AppStore|iPhone.Build.0 = Debug|Any CPU
		{685E6AA6-21A5-4DD9-87F0-C5223430E882}.AppStore|iPhoneSimulator.ActiveCfg = Debug|Any CPU
		{685E6AA6-21A5-4DD9-87F0-C5223430E882}.AppStore|iPhoneSimulator.Build.0 = Debug|Any CPU
		{685E6AA6-21A5-4DD9-87F0-C5223430E882}.AppStore|x64.ActiveCfg = Debug|Any CPU
		{685E6AA6-21A5-4DD9-87F0-C5223430E882}.AppStore|x64.Build.0 = Debug|Any CPU
		{685E6AA6-21A5-4DD9-87F0-C5223430E882}.AppStore|x86.ActiveCfg = Debug|Any CPU
		{685E6AA6-21A5-4DD9-87F0-C5223430E882}.AppStore|x86.Build.0 = Debug|Any CPU
		{685E6AA6-21A5-4DD9-87F0-C5223430E882}.Debug|Any CPU.ActiveCfg = Debug|Any CPU
		{685E6AA6-21A5-4DD9-87F0-C5223430E882}.Debug|Any CPU.Build.0 = Debug|Any CPU
		{685E6AA6-21A5-4DD9-87F0-C5223430E882}.Debug|ARM.ActiveCfg = Debug|Any CPU
		{685E6AA6-21A5-4DD9-87F0-C5223430E882}.Debug|ARM.Build.0 = Debug|Any CPU
		{685E6AA6-21A5-4DD9-87F0-C5223430E882}.Debug|iPhone.ActiveCfg = Debug|Any CPU
		{685E6AA6-21A5-4DD9-87F0-C5223430E882}.Debug|iPhone.Build.0 = Debug|Any CPU
		{685E6AA6-21A5-4DD9-87F0-C5223430E882}.Debug|iPhoneSimulator.ActiveCfg = Debug|Any CPU
		{685E6AA6-21A5-4DD9-87F0-C5223430E882}.Debug|iPhoneSimulator.Build.0 = Debug|Any CPU
		{685E6AA6-21A5-4DD9-87F0-C5223430E882}.Debug|x64.ActiveCfg = Debug|Any CPU
		{685E6AA6-21A5-4DD9-87F0-C5223430E882}.Debug|x64.Build.0 = Debug|Any CPU
		{685E6AA6-21A5-4DD9-87F0-C5223430E882}.Debug|x86.ActiveCfg = Debug|Any CPU
		{685E6AA6-21A5-4DD9-87F0-C5223430E882}.Debug|x86.Build.0 = Debug|Any CPU
		{685E6AA6-21A5-4DD9-87F0-C5223430E882}.Release|Any CPU.ActiveCfg = Release|Any CPU
		{685E6AA6-21A5-4DD9-87F0-C5223430E882}.Release|Any CPU.Build.0 = Release|Any CPU
		{685E6AA6-21A5-4DD9-87F0-C5223430E882}.Release|ARM.ActiveCfg = Release|Any CPU
		{685E6AA6-21A5-4DD9-87F0-C5223430E882}.Release|ARM.Build.0 = Release|Any CPU
		{685E6AA6-21A5-4DD9-87F0-C5223430E882}.Release|iPhone.ActiveCfg = Release|Any CPU
		{685E6AA6-21A5-4DD9-87F0-C5223430E882}.Release|iPhone.Build.0 = Release|Any CPU
		{685E6AA6-21A5-4DD9-87F0-C5223430E882}.Release|iPhoneSimulator.ActiveCfg = Release|Any CPU
		{685E6AA6-21A5-4DD9-87F0-C5223430E882}.Release|iPhoneSimulator.Build.0 = Release|Any CPU
		{685E6AA6-21A5-4DD9-87F0-C5223430E882}.Release|x64.ActiveCfg = Release|Any CPU
		{685E6AA6-21A5-4DD9-87F0-C5223430E882}.Release|x64.Build.0 = Release|Any CPU
		{685E6AA6-21A5-4DD9-87F0-C5223430E882}.Release|x86.ActiveCfg = Release|Any CPU
		{685E6AA6-21A5-4DD9-87F0-C5223430E882}.Release|x86.Build.0 = Release|Any CPU
		{CE8BE97E-C337-4162-A2A1-F5B392A2723D}.Ad-Hoc|Any CPU.ActiveCfg = Release|Any CPU
		{CE8BE97E-C337-4162-A2A1-F5B392A2723D}.Ad-Hoc|Any CPU.Build.0 = Release|Any CPU
		{CE8BE97E-C337-4162-A2A1-F5B392A2723D}.Ad-Hoc|Any CPU.Deploy.0 = Release|Any CPU
		{CE8BE97E-C337-4162-A2A1-F5B392A2723D}.Ad-Hoc|ARM.ActiveCfg = Release|Any CPU
		{CE8BE97E-C337-4162-A2A1-F5B392A2723D}.Ad-Hoc|ARM.Build.0 = Release|Any CPU
		{CE8BE97E-C337-4162-A2A1-F5B392A2723D}.Ad-Hoc|ARM.Deploy.0 = Release|Any CPU
		{CE8BE97E-C337-4162-A2A1-F5B392A2723D}.Ad-Hoc|iPhone.ActiveCfg = Release|Any CPU
		{CE8BE97E-C337-4162-A2A1-F5B392A2723D}.Ad-Hoc|iPhone.Build.0 = Release|Any CPU
		{CE8BE97E-C337-4162-A2A1-F5B392A2723D}.Ad-Hoc|iPhone.Deploy.0 = Release|Any CPU
		{CE8BE97E-C337-4162-A2A1-F5B392A2723D}.Ad-Hoc|iPhoneSimulator.ActiveCfg = Release|Any CPU
		{CE8BE97E-C337-4162-A2A1-F5B392A2723D}.Ad-Hoc|iPhoneSimulator.Build.0 = Release|Any CPU
		{CE8BE97E-C337-4162-A2A1-F5B392A2723D}.Ad-Hoc|iPhoneSimulator.Deploy.0 = Release|Any CPU
		{CE8BE97E-C337-4162-A2A1-F5B392A2723D}.Ad-Hoc|x64.ActiveCfg = Release|Any CPU
		{CE8BE97E-C337-4162-A2A1-F5B392A2723D}.Ad-Hoc|x64.Build.0 = Release|Any CPU
		{CE8BE97E-C337-4162-A2A1-F5B392A2723D}.Ad-Hoc|x64.Deploy.0 = Release|Any CPU
		{CE8BE97E-C337-4162-A2A1-F5B392A2723D}.Ad-Hoc|x86.ActiveCfg = Release|Any CPU
		{CE8BE97E-C337-4162-A2A1-F5B392A2723D}.Ad-Hoc|x86.Build.0 = Release|Any CPU
		{CE8BE97E-C337-4162-A2A1-F5B392A2723D}.Ad-Hoc|x86.Deploy.0 = Release|Any CPU
		{CE8BE97E-C337-4162-A2A1-F5B392A2723D}.AppStore|Any CPU.ActiveCfg = Release|Any CPU
		{CE8BE97E-C337-4162-A2A1-F5B392A2723D}.AppStore|Any CPU.Build.0 = Release|Any CPU
		{CE8BE97E-C337-4162-A2A1-F5B392A2723D}.AppStore|Any CPU.Deploy.0 = Release|Any CPU
		{CE8BE97E-C337-4162-A2A1-F5B392A2723D}.AppStore|ARM.ActiveCfg = Release|Any CPU
		{CE8BE97E-C337-4162-A2A1-F5B392A2723D}.AppStore|ARM.Build.0 = Release|Any CPU
		{CE8BE97E-C337-4162-A2A1-F5B392A2723D}.AppStore|ARM.Deploy.0 = Release|Any CPU
		{CE8BE97E-C337-4162-A2A1-F5B392A2723D}.AppStore|iPhone.ActiveCfg = Release|Any CPU
		{CE8BE97E-C337-4162-A2A1-F5B392A2723D}.AppStore|iPhone.Build.0 = Release|Any CPU
		{CE8BE97E-C337-4162-A2A1-F5B392A2723D}.AppStore|iPhone.Deploy.0 = Release|Any CPU
		{CE8BE97E-C337-4162-A2A1-F5B392A2723D}.AppStore|iPhoneSimulator.ActiveCfg = Release|Any CPU
		{CE8BE97E-C337-4162-A2A1-F5B392A2723D}.AppStore|iPhoneSimulator.Build.0 = Release|Any CPU
		{CE8BE97E-C337-4162-A2A1-F5B392A2723D}.AppStore|iPhoneSimulator.Deploy.0 = Release|Any CPU
		{CE8BE97E-C337-4162-A2A1-F5B392A2723D}.AppStore|x64.ActiveCfg = Release|Any CPU
		{CE8BE97E-C337-4162-A2A1-F5B392A2723D}.AppStore|x64.Build.0 = Release|Any CPU
		{CE8BE97E-C337-4162-A2A1-F5B392A2723D}.AppStore|x64.Deploy.0 = Release|Any CPU
		{CE8BE97E-C337-4162-A2A1-F5B392A2723D}.AppStore|x86.ActiveCfg = Release|Any CPU
		{CE8BE97E-C337-4162-A2A1-F5B392A2723D}.AppStore|x86.Build.0 = Release|Any CPU
		{CE8BE97E-C337-4162-A2A1-F5B392A2723D}.AppStore|x86.Deploy.0 = Release|Any CPU
		{CE8BE97E-C337-4162-A2A1-F5B392A2723D}.Debug|Any CPU.ActiveCfg = Debug|Any CPU
		{CE8BE97E-C337-4162-A2A1-F5B392A2723D}.Debug|Any CPU.Build.0 = Debug|Any CPU
		{CE8BE97E-C337-4162-A2A1-F5B392A2723D}.Debug|Any CPU.Deploy.0 = Debug|Any CPU
		{CE8BE97E-C337-4162-A2A1-F5B392A2723D}.Debug|ARM.ActiveCfg = Debug|Any CPU
		{CE8BE97E-C337-4162-A2A1-F5B392A2723D}.Debug|ARM.Build.0 = Debug|Any CPU
		{CE8BE97E-C337-4162-A2A1-F5B392A2723D}.Debug|ARM.Deploy.0 = Debug|Any CPU
		{CE8BE97E-C337-4162-A2A1-F5B392A2723D}.Debug|iPhone.ActiveCfg = Debug|Any CPU
		{CE8BE97E-C337-4162-A2A1-F5B392A2723D}.Debug|iPhone.Build.0 = Debug|Any CPU
		{CE8BE97E-C337-4162-A2A1-F5B392A2723D}.Debug|iPhone.Deploy.0 = Debug|Any CPU
		{CE8BE97E-C337-4162-A2A1-F5B392A2723D}.Debug|iPhoneSimulator.ActiveCfg = Debug|Any CPU
		{CE8BE97E-C337-4162-A2A1-F5B392A2723D}.Debug|iPhoneSimulator.Build.0 = Debug|Any CPU
		{CE8BE97E-C337-4162-A2A1-F5B392A2723D}.Debug|iPhoneSimulator.Deploy.0 = Debug|Any CPU
		{CE8BE97E-C337-4162-A2A1-F5B392A2723D}.Debug|x64.ActiveCfg = Debug|Any CPU
		{CE8BE97E-C337-4162-A2A1-F5B392A2723D}.Debug|x64.Build.0 = Debug|Any CPU
		{CE8BE97E-C337-4162-A2A1-F5B392A2723D}.Debug|x64.Deploy.0 = Debug|Any CPU
		{CE8BE97E-C337-4162-A2A1-F5B392A2723D}.Debug|x86.ActiveCfg = Debug|Any CPU
		{CE8BE97E-C337-4162-A2A1-F5B392A2723D}.Debug|x86.Build.0 = Debug|Any CPU
		{CE8BE97E-C337-4162-A2A1-F5B392A2723D}.Debug|x86.Deploy.0 = Debug|Any CPU
		{CE8BE97E-C337-4162-A2A1-F5B392A2723D}.Release|Any CPU.ActiveCfg = Release|Any CPU
		{CE8BE97E-C337-4162-A2A1-F5B392A2723D}.Release|Any CPU.Build.0 = Release|Any CPU
		{CE8BE97E-C337-4162-A2A1-F5B392A2723D}.Release|Any CPU.Deploy.0 = Release|Any CPU
		{CE8BE97E-C337-4162-A2A1-F5B392A2723D}.Release|ARM.ActiveCfg = Release|Any CPU
		{CE8BE97E-C337-4162-A2A1-F5B392A2723D}.Release|ARM.Build.0 = Release|Any CPU
		{CE8BE97E-C337-4162-A2A1-F5B392A2723D}.Release|ARM.Deploy.0 = Release|Any CPU
		{CE8BE97E-C337-4162-A2A1-F5B392A2723D}.Release|iPhone.ActiveCfg = Release|Any CPU
		{CE8BE97E-C337-4162-A2A1-F5B392A2723D}.Release|iPhone.Build.0 = Release|Any CPU
		{CE8BE97E-C337-4162-A2A1-F5B392A2723D}.Release|iPhone.Deploy.0 = Release|Any CPU
		{CE8BE97E-C337-4162-A2A1-F5B392A2723D}.Release|iPhoneSimulator.ActiveCfg = Release|Any CPU
		{CE8BE97E-C337-4162-A2A1-F5B392A2723D}.Release|iPhoneSimulator.Build.0 = Release|Any CPU
		{CE8BE97E-C337-4162-A2A1-F5B392A2723D}.Release|iPhoneSimulator.Deploy.0 = Release|Any CPU
		{CE8BE97E-C337-4162-A2A1-F5B392A2723D}.Release|x64.ActiveCfg = Release|Any CPU
		{CE8BE97E-C337-4162-A2A1-F5B392A2723D}.Release|x64.Build.0 = Release|Any CPU
		{CE8BE97E-C337-4162-A2A1-F5B392A2723D}.Release|x64.Deploy.0 = Release|Any CPU
		{CE8BE97E-C337-4162-A2A1-F5B392A2723D}.Release|x86.ActiveCfg = Release|Any CPU
		{CE8BE97E-C337-4162-A2A1-F5B392A2723D}.Release|x86.Build.0 = Release|Any CPU
		{CE8BE97E-C337-4162-A2A1-F5B392A2723D}.Release|x86.Deploy.0 = Release|Any CPU
		{CB0A796B-22BF-4716-828D-EAD370A11121}.Ad-Hoc|Any CPU.ActiveCfg = Ad-Hoc|iPhone
		{CB0A796B-22BF-4716-828D-EAD370A11121}.Ad-Hoc|ARM.ActiveCfg = Ad-Hoc|iPhone
		{CB0A796B-22BF-4716-828D-EAD370A11121}.Ad-Hoc|iPhone.ActiveCfg = Ad-Hoc|iPhone
		{CB0A796B-22BF-4716-828D-EAD370A11121}.Ad-Hoc|iPhone.Build.0 = Ad-Hoc|iPhone
		{CB0A796B-22BF-4716-828D-EAD370A11121}.Ad-Hoc|iPhoneSimulator.ActiveCfg = Ad-Hoc|iPhoneSimulator
		{CB0A796B-22BF-4716-828D-EAD370A11121}.Ad-Hoc|iPhoneSimulator.Build.0 = Ad-Hoc|iPhoneSimulator
		{CB0A796B-22BF-4716-828D-EAD370A11121}.Ad-Hoc|x64.ActiveCfg = Ad-Hoc|iPhone
		{CB0A796B-22BF-4716-828D-EAD370A11121}.Ad-Hoc|x86.ActiveCfg = Ad-Hoc|iPhone
		{CB0A796B-22BF-4716-828D-EAD370A11121}.AppStore|Any CPU.ActiveCfg = AppStore|iPhone
		{CB0A796B-22BF-4716-828D-EAD370A11121}.AppStore|ARM.ActiveCfg = AppStore|iPhone
		{CB0A796B-22BF-4716-828D-EAD370A11121}.AppStore|iPhone.ActiveCfg = AppStore|iPhone
		{CB0A796B-22BF-4716-828D-EAD370A11121}.AppStore|iPhone.Build.0 = AppStore|iPhone
		{CB0A796B-22BF-4716-828D-EAD370A11121}.AppStore|iPhoneSimulator.ActiveCfg = AppStore|iPhoneSimulator
		{CB0A796B-22BF-4716-828D-EAD370A11121}.AppStore|iPhoneSimulator.Build.0 = AppStore|iPhoneSimulator
		{CB0A796B-22BF-4716-828D-EAD370A11121}.AppStore|x64.ActiveCfg = AppStore|iPhone
		{CB0A796B-22BF-4716-828D-EAD370A11121}.AppStore|x86.ActiveCfg = AppStore|iPhone
		{CB0A796B-22BF-4716-828D-EAD370A11121}.Debug|Any CPU.ActiveCfg = Debug|iPhone
		{CB0A796B-22BF-4716-828D-EAD370A11121}.Debug|ARM.ActiveCfg = Debug|iPhone
		{CB0A796B-22BF-4716-828D-EAD370A11121}.Debug|iPhone.ActiveCfg = Debug|iPhone
		{CB0A796B-22BF-4716-828D-EAD370A11121}.Debug|iPhone.Build.0 = Debug|iPhone
		{CB0A796B-22BF-4716-828D-EAD370A11121}.Debug|iPhoneSimulator.ActiveCfg = Debug|iPhoneSimulator
		{CB0A796B-22BF-4716-828D-EAD370A11121}.Debug|iPhoneSimulator.Build.0 = Debug|iPhoneSimulator
		{CB0A796B-22BF-4716-828D-EAD370A11121}.Debug|x64.ActiveCfg = Debug|iPhone
		{CB0A796B-22BF-4716-828D-EAD370A11121}.Debug|x86.ActiveCfg = Debug|iPhone
		{CB0A796B-22BF-4716-828D-EAD370A11121}.Release|Any CPU.ActiveCfg = Release|iPhone
		{CB0A796B-22BF-4716-828D-EAD370A11121}.Release|ARM.ActiveCfg = Release|iPhone
		{CB0A796B-22BF-4716-828D-EAD370A11121}.Release|iPhone.ActiveCfg = Release|iPhone
		{CB0A796B-22BF-4716-828D-EAD370A11121}.Release|iPhone.Build.0 = Release|iPhone
		{CB0A796B-22BF-4716-828D-EAD370A11121}.Release|iPhoneSimulator.ActiveCfg = Release|iPhoneSimulator
		{CB0A796B-22BF-4716-828D-EAD370A11121}.Release|iPhoneSimulator.Build.0 = Release|iPhoneSimulator
		{CB0A796B-22BF-4716-828D-EAD370A11121}.Release|x64.ActiveCfg = Release|iPhone
		{CB0A796B-22BF-4716-828D-EAD370A11121}.Release|x86.ActiveCfg = Release|iPhone
		{75AA90AA-DDCB-4A9B-BDDC-3800C76CDBBE}.Ad-Hoc|Any CPU.ActiveCfg = Release|x86
		{75AA90AA-DDCB-4A9B-BDDC-3800C76CDBBE}.Ad-Hoc|Any CPU.Build.0 = Release|x86
		{75AA90AA-DDCB-4A9B-BDDC-3800C76CDBBE}.Ad-Hoc|Any CPU.Deploy.0 = Release|x86
		{75AA90AA-DDCB-4A9B-BDDC-3800C76CDBBE}.Ad-Hoc|ARM.ActiveCfg = Release|ARM
		{75AA90AA-DDCB-4A9B-BDDC-3800C76CDBBE}.Ad-Hoc|ARM.Build.0 = Release|ARM
		{75AA90AA-DDCB-4A9B-BDDC-3800C76CDBBE}.Ad-Hoc|ARM.Deploy.0 = Release|ARM
		{75AA90AA-DDCB-4A9B-BDDC-3800C76CDBBE}.Ad-Hoc|iPhone.ActiveCfg = Release|x86
		{75AA90AA-DDCB-4A9B-BDDC-3800C76CDBBE}.Ad-Hoc|iPhone.Build.0 = Release|x86
		{75AA90AA-DDCB-4A9B-BDDC-3800C76CDBBE}.Ad-Hoc|iPhone.Deploy.0 = Release|x86
		{75AA90AA-DDCB-4A9B-BDDC-3800C76CDBBE}.Ad-Hoc|iPhoneSimulator.ActiveCfg = Release|x86
		{75AA90AA-DDCB-4A9B-BDDC-3800C76CDBBE}.Ad-Hoc|iPhoneSimulator.Build.0 = Release|x86
		{75AA90AA-DDCB-4A9B-BDDC-3800C76CDBBE}.Ad-Hoc|iPhoneSimulator.Deploy.0 = Release|x86
		{75AA90AA-DDCB-4A9B-BDDC-3800C76CDBBE}.Ad-Hoc|x64.ActiveCfg = Release|x64
		{75AA90AA-DDCB-4A9B-BDDC-3800C76CDBBE}.Ad-Hoc|x64.Build.0 = Release|x64
		{75AA90AA-DDCB-4A9B-BDDC-3800C76CDBBE}.Ad-Hoc|x64.Deploy.0 = Release|x64
		{75AA90AA-DDCB-4A9B-BDDC-3800C76CDBBE}.Ad-Hoc|x86.ActiveCfg = Release|x86
		{75AA90AA-DDCB-4A9B-BDDC-3800C76CDBBE}.Ad-Hoc|x86.Build.0 = Release|x86
		{75AA90AA-DDCB-4A9B-BDDC-3800C76CDBBE}.Ad-Hoc|x86.Deploy.0 = Release|x86
		{75AA90AA-DDCB-4A9B-BDDC-3800C76CDBBE}.AppStore|Any CPU.ActiveCfg = Release|x86
		{75AA90AA-DDCB-4A9B-BDDC-3800C76CDBBE}.AppStore|Any CPU.Build.0 = Release|x86
		{75AA90AA-DDCB-4A9B-BDDC-3800C76CDBBE}.AppStore|Any CPU.Deploy.0 = Release|x86
		{75AA90AA-DDCB-4A9B-BDDC-3800C76CDBBE}.AppStore|ARM.ActiveCfg = Release|ARM
		{75AA90AA-DDCB-4A9B-BDDC-3800C76CDBBE}.AppStore|ARM.Build.0 = Release|ARM
		{75AA90AA-DDCB-4A9B-BDDC-3800C76CDBBE}.AppStore|ARM.Deploy.0 = Release|ARM
		{75AA90AA-DDCB-4A9B-BDDC-3800C76CDBBE}.AppStore|iPhone.ActiveCfg = Release|x86
		{75AA90AA-DDCB-4A9B-BDDC-3800C76CDBBE}.AppStore|iPhone.Build.0 = Release|x86
		{75AA90AA-DDCB-4A9B-BDDC-3800C76CDBBE}.AppStore|iPhone.Deploy.0 = Release|x86
		{75AA90AA-DDCB-4A9B-BDDC-3800C76CDBBE}.AppStore|iPhoneSimulator.ActiveCfg = Release|x86
		{75AA90AA-DDCB-4A9B-BDDC-3800C76CDBBE}.AppStore|iPhoneSimulator.Build.0 = Release|x86
		{75AA90AA-DDCB-4A9B-BDDC-3800C76CDBBE}.AppStore|iPhoneSimulator.Deploy.0 = Release|x86
		{75AA90AA-DDCB-4A9B-BDDC-3800C76CDBBE}.AppStore|x64.ActiveCfg = Release|x64
		{75AA90AA-DDCB-4A9B-BDDC-3800C76CDBBE}.AppStore|x64.Build.0 = Release|x64
		{75AA90AA-DDCB-4A9B-BDDC-3800C76CDBBE}.AppStore|x64.Deploy.0 = Release|x64
		{75AA90AA-DDCB-4A9B-BDDC-3800C76CDBBE}.AppStore|x86.ActiveCfg = Release|x86
		{75AA90AA-DDCB-4A9B-BDDC-3800C76CDBBE}.AppStore|x86.Build.0 = Release|x86
		{75AA90AA-DDCB-4A9B-BDDC-3800C76CDBBE}.AppStore|x86.Deploy.0 = Release|x86
		{75AA90AA-DDCB-4A9B-BDDC-3800C76CDBBE}.Debug|Any CPU.ActiveCfg = Debug|x86
		{75AA90AA-DDCB-4A9B-BDDC-3800C76CDBBE}.Debug|ARM.ActiveCfg = Debug|ARM
		{75AA90AA-DDCB-4A9B-BDDC-3800C76CDBBE}.Debug|ARM.Build.0 = Debug|ARM
		{75AA90AA-DDCB-4A9B-BDDC-3800C76CDBBE}.Debug|ARM.Deploy.0 = Debug|ARM
		{75AA90AA-DDCB-4A9B-BDDC-3800C76CDBBE}.Debug|iPhone.ActiveCfg = Debug|x86
		{75AA90AA-DDCB-4A9B-BDDC-3800C76CDBBE}.Debug|iPhoneSimulator.ActiveCfg = Debug|x86
		{75AA90AA-DDCB-4A9B-BDDC-3800C76CDBBE}.Debug|x64.ActiveCfg = Debug|x64
		{75AA90AA-DDCB-4A9B-BDDC-3800C76CDBBE}.Debug|x64.Build.0 = Debug|x64
		{75AA90AA-DDCB-4A9B-BDDC-3800C76CDBBE}.Debug|x64.Deploy.0 = Debug|x64
		{75AA90AA-DDCB-4A9B-BDDC-3800C76CDBBE}.Debug|x86.ActiveCfg = Debug|x86
		{75AA90AA-DDCB-4A9B-BDDC-3800C76CDBBE}.Debug|x86.Build.0 = Debug|x86
		{75AA90AA-DDCB-4A9B-BDDC-3800C76CDBBE}.Debug|x86.Deploy.0 = Debug|x86
		{75AA90AA-DDCB-4A9B-BDDC-3800C76CDBBE}.Release|Any CPU.ActiveCfg = Release|x86
		{75AA90AA-DDCB-4A9B-BDDC-3800C76CDBBE}.Release|ARM.ActiveCfg = Release|ARM
		{75AA90AA-DDCB-4A9B-BDDC-3800C76CDBBE}.Release|ARM.Build.0 = Release|ARM
		{75AA90AA-DDCB-4A9B-BDDC-3800C76CDBBE}.Release|ARM.Deploy.0 = Release|ARM
		{75AA90AA-DDCB-4A9B-BDDC-3800C76CDBBE}.Release|iPhone.ActiveCfg = Release|x86
		{75AA90AA-DDCB-4A9B-BDDC-3800C76CDBBE}.Release|iPhoneSimulator.ActiveCfg = Release|x86
		{75AA90AA-DDCB-4A9B-BDDC-3800C76CDBBE}.Release|x64.ActiveCfg = Release|x64
		{75AA90AA-DDCB-4A9B-BDDC-3800C76CDBBE}.Release|x64.Build.0 = Release|x64
		{75AA90AA-DDCB-4A9B-BDDC-3800C76CDBBE}.Release|x64.Deploy.0 = Release|x64
		{75AA90AA-DDCB-4A9B-BDDC-3800C76CDBBE}.Release|x86.ActiveCfg = Release|x86
		{75AA90AA-DDCB-4A9B-BDDC-3800C76CDBBE}.Release|x86.Build.0 = Release|x86
		{75AA90AA-DDCB-4A9B-BDDC-3800C76CDBBE}.Release|x86.Deploy.0 = Release|x86
	EndGlobalSection
	GlobalSection(SolutionProperties) = preSolution
		HideSolutionNode = FALSE
	EndGlobalSection
	GlobalSection(ExtensibilityGlobals) = postSolution
		SolutionGuid = {13B5DCF4-04DA-4802-9415-F713CB03B711}
	EndGlobalSection
EndGlobal
